// !$*UTF8*$!
{
	archiveVersion = 1;
	classes = {
	};
	objectVersion = 55;
	objects = {

/* Begin PBXBuildFile section */
		EF1A220C28735526003AA3C8 /* AfricaAppApp.swift in Sources */ = {isa = PBXBuildFile; fileRef = EF1A220B28735526003AA3C8 /* AfricaAppApp.swift */; };
		EF1A220E28735526003AA3C8 /* ContentView.swift in Sources */ = {isa = PBXBuildFile; fileRef = EF1A220D28735526003AA3C8 /* ContentView.swift */; };
		EF1A221028735527003AA3C8 /* Assets.xcassets in Resources */ = {isa = PBXBuildFile; fileRef = EF1A220F28735527003AA3C8 /* Assets.xcassets */; };
		EF1A221328735527003AA3C8 /* Preview Assets.xcassets in Resources */ = {isa = PBXBuildFile; fileRef = EF1A221228735527003AA3C8 /* Preview Assets.xcassets */; };
		EF1A222428735841003AA3C8 /* ostrich.mp4 in Resources */ = {isa = PBXBuildFile; fileRef = EF1A221A2873583F003AA3C8 /* ostrich.mp4 */; };
		EF1A222528735841003AA3C8 /* elephant.mp4 in Resources */ = {isa = PBXBuildFile; fileRef = EF1A221B2873583F003AA3C8 /* elephant.mp4 */; };
		EF1A222628735841003AA3C8 /* cheetah.mp4 in Resources */ = {isa = PBXBuildFile; fileRef = EF1A221C2873583F003AA3C8 /* cheetah.mp4 */; };
		EF1A222728735841003AA3C8 /* rhino.mp4 in Resources */ = {isa = PBXBuildFile; fileRef = EF1A221D28735840003AA3C8 /* rhino.mp4 */; };
		EF1A222828735841003AA3C8 /* giraffe.mp4 in Resources */ = {isa = PBXBuildFile; fileRef = EF1A221E28735840003AA3C8 /* giraffe.mp4 */; };
		EF1A222928735841003AA3C8 /* lion.mp4 in Resources */ = {isa = PBXBuildFile; fileRef = EF1A221F28735840003AA3C8 /* lion.mp4 */; };
		EF1A222A28735841003AA3C8 /* zebra.mp4 in Resources */ = {isa = PBXBuildFile; fileRef = EF1A222028735840003AA3C8 /* zebra.mp4 */; };
		EF1A222B28735841003AA3C8 /* gorilla.mp4 in Resources */ = {isa = PBXBuildFile; fileRef = EF1A222128735840003AA3C8 /* gorilla.mp4 */; };
		EF1A222C28735841003AA3C8 /* hippo.mp4 in Resources */ = {isa = PBXBuildFile; fileRef = EF1A222228735840003AA3C8 /* hippo.mp4 */; };
		EF1A222D28735841003AA3C8 /* lioness.mp4 in Resources */ = {isa = PBXBuildFile; fileRef = EF1A222328735841003AA3C8 /* lioness.mp4 */; };
		EF1A22332873586B003AA3C8 /* videos.json in Resources */ = {isa = PBXBuildFile; fileRef = EF1A222F2873586B003AA3C8 /* videos.json */; };
		EF1A22342873586B003AA3C8 /* animals.json in Resources */ = {isa = PBXBuildFile; fileRef = EF1A22302873586B003AA3C8 /* animals.json */; };
		EF1A22352873586B003AA3C8 /* covers.json in Resources */ = {isa = PBXBuildFile; fileRef = EF1A22312873586B003AA3C8 /* covers.json */; };
		EF1A22362873586B003AA3C8 /* locations.json in Resources */ = {isa = PBXBuildFile; fileRef = EF1A22322873586B003AA3C8 /* locations.json */; };
		EF1A223B28735DE9003AA3C8 /* VideoListView.swift in Sources */ = {isa = PBXBuildFile; fileRef = EF1A223A28735DE9003AA3C8 /* VideoListView.swift */; };
		EF1A223D28735E20003AA3C8 /* MapView.swift in Sources */ = {isa = PBXBuildFile; fileRef = EF1A223C28735E20003AA3C8 /* MapView.swift */; };
		EF1A223F28735E3F003AA3C8 /* GalleryView.swift in Sources */ = {isa = PBXBuildFile; fileRef = EF1A223E28735E3F003AA3C8 /* GalleryView.swift */; };
		EF1A224228735E57003AA3C8 /* MainView.swift in Sources */ = {isa = PBXBuildFile; fileRef = EF1A224128735E57003AA3C8 /* MainView.swift */; };
		EF1A224528736093003AA3C8 /* CoverImageView.swift in Sources */ = {isa = PBXBuildFile; fileRef = EF1A224428736093003AA3C8 /* CoverImageView.swift */; };
		EF1A2248287422EA003AA3C8 /* CoverImageModel.swift in Sources */ = {isa = PBXBuildFile; fileRef = EF1A2247287422EA003AA3C8 /* CoverImageModel.swift */; };
		EF1A224B287423C4003AA3C8 /* CodableBundleExtension.swift in Sources */ = {isa = PBXBuildFile; fileRef = EF1A224A287423C4003AA3C8 /* CodableBundleExtension.swift */; };
		EF1A224E2875D502003AA3C8 /* AnimalListItemView.swift in Sources */ = {isa = PBXBuildFile; fileRef = EF1A224D2875D502003AA3C8 /* AnimalListItemView.swift */; };
		EF1A22502875D65C003AA3C8 /* AnimalModel.swift in Sources */ = {isa = PBXBuildFile; fileRef = EF1A224F2875D65C003AA3C8 /* AnimalModel.swift */; };
		EF1A22522875EDFF003AA3C8 /* AnimalDetailView.swift in Sources */ = {isa = PBXBuildFile; fileRef = EF1A22512875EDFF003AA3C8 /* AnimalDetailView.swift */; };
		EF1A22542875F03F003AA3C8 /* HeadingView.swift in Sources */ = {isa = PBXBuildFile; fileRef = EF1A22532875F03F003AA3C8 /* HeadingView.swift */; };
		EF1A22562875F183003AA3C8 /* InsetGalleryView.swift in Sources */ = {isa = PBXBuildFile; fileRef = EF1A22552875F183003AA3C8 /* InsetGalleryView.swift */; };
		EF1A22582875FDB2003AA3C8 /* InsetFactView.swift in Sources */ = {isa = PBXBuildFile; fileRef = EF1A22572875FDB2003AA3C8 /* InsetFactView.swift */; };
		EF1A225A287602C0003AA3C8 /* InsetMapView.swift in Sources */ = {isa = PBXBuildFile; fileRef = EF1A2259287602C0003AA3C8 /* InsetMapView.swift */; };
		EF1A225C287605AA003AA3C8 /* ExternalWeblinkView.swift in Sources */ = {isa = PBXBuildFile; fileRef = EF1A225B287605AA003AA3C8 /* ExternalWeblinkView.swift */; };
		EF1A225E28760A6A003AA3C8 /* VideoModel.swift in Sources */ = {isa = PBXBuildFile; fileRef = EF1A225D28760A6A003AA3C8 /* VideoModel.swift */; };
		EF1A226028760AB9003AA3C8 /* VideoListItemView.swift in Sources */ = {isa = PBXBuildFile; fileRef = EF1A225F28760AB9003AA3C8 /* VideoListItemView.swift */; };
		EF1A226228760FD3003AA3C8 /* VideoPlayerView.swift in Sources */ = {isa = PBXBuildFile; fileRef = EF1A226128760FD3003AA3C8 /* VideoPlayerView.swift */; };
		EFE03F75287610D900B831A8 /* VideoPlayerHelper.swift in Sources */ = {isa = PBXBuildFile; fileRef = EFE03F74287610D900B831A8 /* VideoPlayerHelper.swift */; };
		EFE03F772876CECB00B831A8 /* LocationModel.swift in Sources */ = {isa = PBXBuildFile; fileRef = EFE03F762876CECB00B831A8 /* LocationModel.swift */; };
		EFE03F792876D34400B831A8 /* MapAnnotationView.swift in Sources */ = {isa = PBXBuildFile; fileRef = EFE03F782876D34400B831A8 /* MapAnnotationView.swift */; };
		EFE03F7C2876D81300B831A8 /* MotionAnimationView.swift in Sources */ = {isa = PBXBuildFile; fileRef = EFE03F7B2876D81300B831A8 /* MotionAnimationView.swift */; };
		EFE03F7E2876E4F000B831A8 /* AnimalGridItemView.swift in Sources */ = {isa = PBXBuildFile; fileRef = EFE03F7D2876E4F000B831A8 /* AnimalGridItemView.swift */; };
		EFE03F842877050400B831A8 /* Stickers.xcassets in Resources */ = {isa = PBXBuildFile; fileRef = EFE03F832877050400B831A8 /* Stickers.xcassets */; };
		EFE03F882877050400B831A8 /* Stickers.appex in Embed App Extensions */ = {isa = PBXBuildFile; fileRef = EFE03F812877050300B831A8 /* Stickers.appex */; platformFilter = ios; settings = {ATTRIBUTES = (RemoveHeadersOnCopy, ); }; };
		EFE03F8E2877068300B831A8 /* CreditsView.swift in Sources */ = {isa = PBXBuildFile; fileRef = EFE03F8D2877068300B831A8 /* CreditsView.swift */; };
		EFE03F932877080400B831A8 /* CenterModifier.swift in Sources */ = {isa = PBXBuildFile; fileRef = EFE03F922877080300B831A8 /* CenterModifier.swift */; };
/* End PBXBuildFile section */

/* Begin PBXContainerItemProxy section */
		EFE03F862877050400B831A8 /* PBXContainerItemProxy */ = {
			isa = PBXContainerItemProxy;
			containerPortal = EF1A220028735526003AA3C8 /* Project object */;
			proxyType = 1;
			remoteGlobalIDString = EFE03F802877050300B831A8;
			remoteInfo = Stickers;
		};
/* End PBXContainerItemProxy section */

/* Begin PBXCopyFilesBuildPhase section */
		EFE03F8C2877050400B831A8 /* Embed App Extensions */ = {
			isa = PBXCopyFilesBuildPhase;
			buildActionMask = 2147483647;
			dstPath = "";
			dstSubfolderSpec = 13;
			files = (
				EFE03F882877050400B831A8 /* Stickers.appex in Embed App Extensions */,
			);
			name = "Embed App Extensions";
			runOnlyForDeploymentPostprocessing = 0;
		};
/* End PBXCopyFilesBuildPhase section */

/* Begin PBXFileReference section */
		EF1A220828735526003AA3C8 /* AfricaApp.app */ = {isa = PBXFileReference; explicitFileType = wrapper.application; includeInIndex = 0; path = AfricaApp.app; sourceTree = BUILT_PRODUCTS_DIR; };
		EF1A220B28735526003AA3C8 /* AfricaAppApp.swift */ = {isa = PBXFileReference; lastKnownFileType = sourcecode.swift; path = AfricaAppApp.swift; sourceTree = "<group>"; };
		EF1A220D28735526003AA3C8 /* ContentView.swift */ = {isa = PBXFileReference; lastKnownFileType = sourcecode.swift; path = ContentView.swift; sourceTree = "<group>"; };
		EF1A220F28735527003AA3C8 /* Assets.xcassets */ = {isa = PBXFileReference; lastKnownFileType = folder.assetcatalog; path = Assets.xcassets; sourceTree = "<group>"; };
		EF1A221228735527003AA3C8 /* Preview Assets.xcassets */ = {isa = PBXFileReference; lastKnownFileType = folder.assetcatalog; path = "Preview Assets.xcassets"; sourceTree = "<group>"; };
		EF1A221A2873583F003AA3C8 /* ostrich.mp4 */ = {isa = PBXFileReference; lastKnownFileType = file; path = ostrich.mp4; sourceTree = "<group>"; };
		EF1A221B2873583F003AA3C8 /* elephant.mp4 */ = {isa = PBXFileReference; lastKnownFileType = file; path = elephant.mp4; sourceTree = "<group>"; };
		EF1A221C2873583F003AA3C8 /* cheetah.mp4 */ = {isa = PBXFileReference; lastKnownFileType = file; path = cheetah.mp4; sourceTree = "<group>"; };
		EF1A221D28735840003AA3C8 /* rhino.mp4 */ = {isa = PBXFileReference; lastKnownFileType = file; path = rhino.mp4; sourceTree = "<group>"; };
		EF1A221E28735840003AA3C8 /* giraffe.mp4 */ = {isa = PBXFileReference; lastKnownFileType = file; path = giraffe.mp4; sourceTree = "<group>"; };
		EF1A221F28735840003AA3C8 /* lion.mp4 */ = {isa = PBXFileReference; lastKnownFileType = file; path = lion.mp4; sourceTree = "<group>"; };
		EF1A222028735840003AA3C8 /* zebra.mp4 */ = {isa = PBXFileReference; lastKnownFileType = file; path = zebra.mp4; sourceTree = "<group>"; };
		EF1A222128735840003AA3C8 /* gorilla.mp4 */ = {isa = PBXFileReference; lastKnownFileType = file; path = gorilla.mp4; sourceTree = "<group>"; };
		EF1A222228735840003AA3C8 /* hippo.mp4 */ = {isa = PBXFileReference; lastKnownFileType = file; path = hippo.mp4; sourceTree = "<group>"; };
		EF1A222328735841003AA3C8 /* lioness.mp4 */ = {isa = PBXFileReference; lastKnownFileType = file; path = lioness.mp4; sourceTree = "<group>"; };
		EF1A222F2873586B003AA3C8 /* videos.json */ = {isa = PBXFileReference; fileEncoding = 4; lastKnownFileType = text.json; path = videos.json; sourceTree = "<group>"; };
		EF1A22302873586B003AA3C8 /* animals.json */ = {isa = PBXFileReference; fileEncoding = 4; lastKnownFileType = text.json; path = animals.json; sourceTree = "<group>"; };
		EF1A22312873586B003AA3C8 /* covers.json */ = {isa = PBXFileReference; fileEncoding = 4; lastKnownFileType = text.json; path = covers.json; sourceTree = "<group>"; };
		EF1A22322873586B003AA3C8 /* locations.json */ = {isa = PBXFileReference; fileEncoding = 4; lastKnownFileType = text.json; path = locations.json; sourceTree = "<group>"; };
		EF1A223728735CE2003AA3C8 /* Info.plist */ = {isa = PBXFileReference; lastKnownFileType = text.plist; path = Info.plist; sourceTree = "<group>"; };
		EF1A223A28735DE9003AA3C8 /* VideoListView.swift */ = {isa = PBXFileReference; lastKnownFileType = sourcecode.swift; path = VideoListView.swift; sourceTree = "<group>"; };
		EF1A223C28735E20003AA3C8 /* MapView.swift */ = {isa = PBXFileReference; lastKnownFileType = sourcecode.swift; path = MapView.swift; sourceTree = "<group>"; };
		EF1A223E28735E3F003AA3C8 /* GalleryView.swift */ = {isa = PBXFileReference; lastKnownFileType = sourcecode.swift; path = GalleryView.swift; sourceTree = "<group>"; };
		EF1A224128735E57003AA3C8 /* MainView.swift */ = {isa = PBXFileReference; lastKnownFileType = sourcecode.swift; path = MainView.swift; sourceTree = "<group>"; };
		EF1A224428736093003AA3C8 /* CoverImageView.swift */ = {isa = PBXFileReference; lastKnownFileType = sourcecode.swift; path = CoverImageView.swift; sourceTree = "<group>"; };
		EF1A2247287422EA003AA3C8 /* CoverImageModel.swift */ = {isa = PBXFileReference; lastKnownFileType = sourcecode.swift; path = CoverImageModel.swift; sourceTree = "<group>"; };
		EF1A224A287423C4003AA3C8 /* CodableBundleExtension.swift */ = {isa = PBXFileReference; lastKnownFileType = sourcecode.swift; path = CodableBundleExtension.swift; sourceTree = "<group>"; };
		EF1A224D2875D502003AA3C8 /* AnimalListItemView.swift */ = {isa = PBXFileReference; lastKnownFileType = sourcecode.swift; path = AnimalListItemView.swift; sourceTree = "<group>"; };
		EF1A224F2875D65C003AA3C8 /* AnimalModel.swift */ = {isa = PBXFileReference; lastKnownFileType = sourcecode.swift; path = AnimalModel.swift; sourceTree = "<group>"; };
		EF1A22512875EDFF003AA3C8 /* AnimalDetailView.swift */ = {isa = PBXFileReference; lastKnownFileType = sourcecode.swift; path = AnimalDetailView.swift; sourceTree = "<group>"; };
		EF1A22532875F03F003AA3C8 /* HeadingView.swift */ = {isa = PBXFileReference; lastKnownFileType = sourcecode.swift; path = HeadingView.swift; sourceTree = "<group>"; };
		EF1A22552875F183003AA3C8 /* InsetGalleryView.swift */ = {isa = PBXFileReference; lastKnownFileType = sourcecode.swift; path = InsetGalleryView.swift; sourceTree = "<group>"; };
		EF1A22572875FDB2003AA3C8 /* InsetFactView.swift */ = {isa = PBXFileReference; lastKnownFileType = sourcecode.swift; path = InsetFactView.swift; sourceTree = "<group>"; };
		EF1A2259287602C0003AA3C8 /* InsetMapView.swift */ = {isa = PBXFileReference; lastKnownFileType = sourcecode.swift; path = InsetMapView.swift; sourceTree = "<group>"; };
		EF1A225B287605AA003AA3C8 /* ExternalWeblinkView.swift */ = {isa = PBXFileReference; lastKnownFileType = sourcecode.swift; path = ExternalWeblinkView.swift; sourceTree = "<group>"; };
		EF1A225D28760A6A003AA3C8 /* VideoModel.swift */ = {isa = PBXFileReference; lastKnownFileType = sourcecode.swift; path = VideoModel.swift; sourceTree = "<group>"; };
		EF1A225F28760AB9003AA3C8 /* VideoListItemView.swift */ = {isa = PBXFileReference; lastKnownFileType = sourcecode.swift; path = VideoListItemView.swift; sourceTree = "<group>"; };
		EF1A226128760FD3003AA3C8 /* VideoPlayerView.swift */ = {isa = PBXFileReference; lastKnownFileType = sourcecode.swift; path = VideoPlayerView.swift; sourceTree = "<group>"; };
		EFE03F74287610D900B831A8 /* VideoPlayerHelper.swift */ = {isa = PBXFileReference; lastKnownFileType = sourcecode.swift; path = VideoPlayerHelper.swift; sourceTree = "<group>"; };
		EFE03F762876CECB00B831A8 /* LocationModel.swift */ = {isa = PBXFileReference; lastKnownFileType = sourcecode.swift; path = LocationModel.swift; sourceTree = "<group>"; };
		EFE03F782876D34400B831A8 /* MapAnnotationView.swift */ = {isa = PBXFileReference; lastKnownFileType = sourcecode.swift; path = MapAnnotationView.swift; sourceTree = "<group>"; };
		EFE03F7B2876D81300B831A8 /* MotionAnimationView.swift */ = {isa = PBXFileReference; lastKnownFileType = sourcecode.swift; path = MotionAnimationView.swift; sourceTree = "<group>"; };
		EFE03F7D2876E4F000B831A8 /* AnimalGridItemView.swift */ = {isa = PBXFileReference; lastKnownFileType = sourcecode.swift; path = AnimalGridItemView.swift; sourceTree = "<group>"; };
		EFE03F812877050300B831A8 /* Stickers.appex */ = {isa = PBXFileReference; explicitFileType = "wrapper.app-extension"; includeInIndex = 0; path = Stickers.appex; sourceTree = BUILT_PRODUCTS_DIR; };
		EFE03F832877050400B831A8 /* Stickers.xcassets */ = {isa = PBXFileReference; lastKnownFileType = folder.assetcatalog; path = Stickers.xcassets; sourceTree = "<group>"; };
		EFE03F852877050400B831A8 /* Info.plist */ = {isa = PBXFileReference; lastKnownFileType = text.plist.xml; path = Info.plist; sourceTree = "<group>"; };
		EFE03F8D2877068300B831A8 /* CreditsView.swift */ = {isa = PBXFileReference; lastKnownFileType = sourcecode.swift; path = CreditsView.swift; sourceTree = "<group>"; };
		EFE03F922877080300B831A8 /* CenterModifier.swift */ = {isa = PBXFileReference; lastKnownFileType = sourcecode.swift; path = CenterModifier.swift; sourceTree = "<group>"; };
		EFE03F94287708A700B831A8 /* AfricaApp.entitlements */ = {isa = PBXFileReference; lastKnownFileType = text.plist.entitlements; path = AfricaApp.entitlements; sourceTree = "<group>"; };
/* End PBXFileReference section */

/* Begin PBXFrameworksBuildPhase section */
		EF1A220528735526003AA3C8 /* Frameworks */ = {
			isa = PBXFrameworksBuildPhase;
			buildActionMask = 2147483647;
			files = (
			);
			runOnlyForDeploymentPostprocessing = 0;
		};
/* End PBXFrameworksBuildPhase section */

/* Begin PBXGroup section */
		EF1A21FF28735526003AA3C8 = {
			isa = PBXGroup;
			children = (
				EF1A220A28735526003AA3C8 /* AfricaApp */,
				EFE03F822877050300B831A8 /* Stickers */,
				EF1A220928735526003AA3C8 /* Products */,
			);
			sourceTree = "<group>";
		};
		EF1A220928735526003AA3C8 /* Products */ = {
			isa = PBXGroup;
			children = (
				EF1A220828735526003AA3C8 /* AfricaApp.app */,
				EFE03F812877050300B831A8 /* Stickers.appex */,
			);
			name = Products;
			sourceTree = "<group>";
		};
		EF1A220A28735526003AA3C8 /* AfricaApp */ = {
			isa = PBXGroup;
			children = (
				EFE03F94287708A700B831A8 /* AfricaApp.entitlements */,
				EFE03F8F287707D000B831A8 /* Modifier */,
				EFE03F73287610C700B831A8 /* Helper */,
				EF1A223828735D7C003AA3C8 /* App */,
				EF1A223928735D92003AA3C8 /* View */,
				EF1A2249287423A2003AA3C8 /* Extension */,
				EF1A2246287422D1003AA3C8 /* Model */,
				EF1A223728735CE2003AA3C8 /* Info.plist */,
				EF1A222E2873585A003AA3C8 /* Data */,
				EF1A221928735825003AA3C8 /* Video */,
				EF1A220F28735527003AA3C8 /* Assets.xcassets */,
				EF1A221128735527003AA3C8 /* Preview Content */,
			);
			path = AfricaApp;
			sourceTree = "<group>";
		};
		EF1A221128735527003AA3C8 /* Preview Content */ = {
			isa = PBXGroup;
			children = (
				EF1A221228735527003AA3C8 /* Preview Assets.xcassets */,
			);
			path = "Preview Content";
			sourceTree = "<group>";
		};
		EF1A221928735825003AA3C8 /* Video */ = {
			isa = PBXGroup;
			children = (
				EF1A221C2873583F003AA3C8 /* cheetah.mp4 */,
				EF1A221B2873583F003AA3C8 /* elephant.mp4 */,
				EF1A221E28735840003AA3C8 /* giraffe.mp4 */,
				EF1A222128735840003AA3C8 /* gorilla.mp4 */,
				EF1A222228735840003AA3C8 /* hippo.mp4 */,
				EF1A221F28735840003AA3C8 /* lion.mp4 */,
				EF1A222328735841003AA3C8 /* lioness.mp4 */,
				EF1A221A2873583F003AA3C8 /* ostrich.mp4 */,
				EF1A221D28735840003AA3C8 /* rhino.mp4 */,
				EF1A222028735840003AA3C8 /* zebra.mp4 */,
			);
			path = Video;
			sourceTree = "<group>";
		};
		EF1A222E2873585A003AA3C8 /* Data */ = {
			isa = PBXGroup;
			children = (
				EF1A22302873586B003AA3C8 /* animals.json */,
				EF1A22312873586B003AA3C8 /* covers.json */,
				EF1A22322873586B003AA3C8 /* locations.json */,
				EF1A222F2873586B003AA3C8 /* videos.json */,
			);
			path = Data;
			sourceTree = "<group>";
		};
		EF1A223828735D7C003AA3C8 /* App */ = {
			isa = PBXGroup;
			children = (
				EF1A220B28735526003AA3C8 /* AfricaAppApp.swift */,
				EF1A220D28735526003AA3C8 /* ContentView.swift */,
				EF1A223A28735DE9003AA3C8 /* VideoListView.swift */,
				EF1A223C28735E20003AA3C8 /* MapView.swift */,
				EF1A223E28735E3F003AA3C8 /* GalleryView.swift */,
				EF1A224128735E57003AA3C8 /* MainView.swift */,
			);
			path = App;
			sourceTree = "<group>";
		};
		EF1A223928735D92003AA3C8 /* View */ = {
			isa = PBXGroup;
			children = (
				EF1A224428736093003AA3C8 /* CoverImageView.swift */,
				EF1A224D2875D502003AA3C8 /* AnimalListItemView.swift */,
				EF1A22512875EDFF003AA3C8 /* AnimalDetailView.swift */,
				EF1A22532875F03F003AA3C8 /* HeadingView.swift */,
				EF1A22552875F183003AA3C8 /* InsetGalleryView.swift */,
				EF1A22572875FDB2003AA3C8 /* InsetFactView.swift */,
				EF1A2259287602C0003AA3C8 /* InsetMapView.swift */,
				EF1A225B287605AA003AA3C8 /* ExternalWeblinkView.swift */,
				EF1A225F28760AB9003AA3C8 /* VideoListItemView.swift */,
				EF1A226128760FD3003AA3C8 /* VideoPlayerView.swift */,
				EFE03F782876D34400B831A8 /* MapAnnotationView.swift */,
				EFE03F7B2876D81300B831A8 /* MotionAnimationView.swift */,
				EFE03F7D2876E4F000B831A8 /* AnimalGridItemView.swift */,
				EFE03F8D2877068300B831A8 /* CreditsView.swift */,
			);
			path = View;
			sourceTree = "<group>";
		};
		EF1A2246287422D1003AA3C8 /* Model */ = {
			isa = PBXGroup;
			children = (
				EF1A2247287422EA003AA3C8 /* CoverImageModel.swift */,
				EF1A224F2875D65C003AA3C8 /* AnimalModel.swift */,
				EF1A225D28760A6A003AA3C8 /* VideoModel.swift */,
				EFE03F762876CECB00B831A8 /* LocationModel.swift */,
			);
			path = Model;
			sourceTree = "<group>";
		};
		EF1A2249287423A2003AA3C8 /* Extension */ = {
			isa = PBXGroup;
			children = (
				EF1A224A287423C4003AA3C8 /* CodableBundleExtension.swift */,
			);
			path = Extension;
			sourceTree = "<group>";
		};
		EFE03F73287610C700B831A8 /* Helper */ = {
			isa = PBXGroup;
			children = (
				EFE03F74287610D900B831A8 /* VideoPlayerHelper.swift */,
			);
			path = Helper;
			sourceTree = "<group>";
		};
		EFE03F822877050300B831A8 /* Stickers */ = {
			isa = PBXGroup;
			children = (
				EFE03F832877050400B831A8 /* Stickers.xcassets */,
				EFE03F852877050400B831A8 /* Info.plist */,
			);
			path = Stickers;
			sourceTree = "<group>";
		};
		EFE03F8F287707D000B831A8 /* Modifier */ = {
			isa = PBXGroup;
			children = (
				EFE03F922877080300B831A8 /* CenterModifier.swift */,
			);
			path = Modifier;
			sourceTree = "<group>";
		};
/* End PBXGroup section */

/* Begin PBXNativeTarget section */
		EF1A220728735526003AA3C8 /* AfricaApp */ = {
			isa = PBXNativeTarget;
			buildConfigurationList = EF1A221628735527003AA3C8 /* Build configuration list for PBXNativeTarget "AfricaApp" */;
			buildPhases = (
				EF1A220428735526003AA3C8 /* Sources */,
				EF1A220528735526003AA3C8 /* Frameworks */,
				EF1A220628735526003AA3C8 /* Resources */,
				EFE03F8C2877050400B831A8 /* Embed App Extensions */,
			);
			buildRules = (
			);
			dependencies = (
				EFE03F872877050400B831A8 /* PBXTargetDependency */,
			);
			name = AfricaApp;
			productName = AfricaApp;
			productReference = EF1A220828735526003AA3C8 /* AfricaApp.app */;
			productType = "com.apple.product-type.application";
		};
		EFE03F802877050300B831A8 /* Stickers */ = {
			isa = PBXNativeTarget;
			buildConfigurationList = EFE03F892877050400B831A8 /* Build configuration list for PBXNativeTarget "Stickers" */;
			buildPhases = (
				EFE03F7F2877050300B831A8 /* Resources */,
			);
			buildRules = (
			);
			dependencies = (
			);
			name = Stickers;
			productName = Stickers;
			productReference = EFE03F812877050300B831A8 /* Stickers.appex */;
			productType = "com.apple.product-type.app-extension.messages-sticker-pack";
		};
/* End PBXNativeTarget section */

/* Begin PBXProject section */
		EF1A220028735526003AA3C8 /* Project object */ = {
			isa = PBXProject;
			attributes = {
				BuildIndependentTargetsInParallel = 1;
				LastSwiftUpdateCheck = 1340;
				LastUpgradeCheck = 1340;
				TargetAttributes = {
					EF1A220728735526003AA3C8 = {
						CreatedOnToolsVersion = 13.4.1;
					};
					EFE03F802877050300B831A8 = {
						CreatedOnToolsVersion = 13.4.1;
					};
				};
			};
			buildConfigurationList = EF1A220328735526003AA3C8 /* Build configuration list for PBXProject "AfricaApp" */;
			compatibilityVersion = "Xcode 13.0";
			developmentRegion = en;
			hasScannedForEncodings = 0;
			knownRegions = (
				en,
				Base,
			);
			mainGroup = EF1A21FF28735526003AA3C8;
			productRefGroup = EF1A220928735526003AA3C8 /* Products */;
			projectDirPath = "";
			projectRoot = "";
			targets = (
				EF1A220728735526003AA3C8 /* AfricaApp */,
				EFE03F802877050300B831A8 /* Stickers */,
			);
		};
/* End PBXProject section */

/* Begin PBXResourcesBuildPhase section */
		EF1A220628735526003AA3C8 /* Resources */ = {
			isa = PBXResourcesBuildPhase;
			buildActionMask = 2147483647;
			files = (
				EF1A222728735841003AA3C8 /* rhino.mp4 in Resources */,
				EF1A222C28735841003AA3C8 /* hippo.mp4 in Resources */,
				EF1A22362873586B003AA3C8 /* locations.json in Resources */,
				EF1A222928735841003AA3C8 /* lion.mp4 in Resources */,
				EF1A222B28735841003AA3C8 /* gorilla.mp4 in Resources */,
				EF1A22332873586B003AA3C8 /* videos.json in Resources */,
				EF1A222528735841003AA3C8 /* elephant.mp4 in Resources */,
				EF1A222628735841003AA3C8 /* cheetah.mp4 in Resources */,
				EF1A22342873586B003AA3C8 /* animals.json in Resources */,
				EF1A222428735841003AA3C8 /* ostrich.mp4 in Resources */,
				EF1A221328735527003AA3C8 /* Preview Assets.xcassets in Resources */,
				EF1A22352873586B003AA3C8 /* covers.json in Resources */,
				EF1A222828735841003AA3C8 /* giraffe.mp4 in Resources */,
				EF1A222A28735841003AA3C8 /* zebra.mp4 in Resources */,
				EF1A221028735527003AA3C8 /* Assets.xcassets in Resources */,
				EF1A222D28735841003AA3C8 /* lioness.mp4 in Resources */,
			);
			runOnlyForDeploymentPostprocessing = 0;
		};
		EFE03F7F2877050300B831A8 /* Resources */ = {
			isa = PBXResourcesBuildPhase;
			buildActionMask = 2147483647;
			files = (
				EFE03F842877050400B831A8 /* Stickers.xcassets in Resources */,
			);
			runOnlyForDeploymentPostprocessing = 0;
		};
/* End PBXResourcesBuildPhase section */

/* Begin PBXSourcesBuildPhase section */
		EF1A220428735526003AA3C8 /* Sources */ = {
			isa = PBXSourcesBuildPhase;
			buildActionMask = 2147483647;
			files = (
				EF1A225C287605AA003AA3C8 /* ExternalWeblinkView.swift in Sources */,
				EF1A220E28735526003AA3C8 /* ContentView.swift in Sources */,
				EF1A224E2875D502003AA3C8 /* AnimalListItemView.swift in Sources */,
				EF1A224228735E57003AA3C8 /* MainView.swift in Sources */,
				EF1A22582875FDB2003AA3C8 /* InsetFactView.swift in Sources */,
				EF1A224528736093003AA3C8 /* CoverImageView.swift in Sources */,
				EF1A2248287422EA003AA3C8 /* CoverImageModel.swift in Sources */,
				EF1A22522875EDFF003AA3C8 /* AnimalDetailView.swift in Sources */,
				EF1A22502875D65C003AA3C8 /* AnimalModel.swift in Sources */,
				EF1A223D28735E20003AA3C8 /* MapView.swift in Sources */,
				EFE03F75287610D900B831A8 /* VideoPlayerHelper.swift in Sources */,
				EF1A225A287602C0003AA3C8 /* InsetMapView.swift in Sources */,
				EF1A220C28735526003AA3C8 /* AfricaAppApp.swift in Sources */,
				EFE03F792876D34400B831A8 /* MapAnnotationView.swift in Sources */,
				EF1A223B28735DE9003AA3C8 /* VideoListView.swift in Sources */,
				EF1A225E28760A6A003AA3C8 /* VideoModel.swift in Sources */,
				EF1A223F28735E3F003AA3C8 /* GalleryView.swift in Sources */,
				EFE03F772876CECB00B831A8 /* LocationModel.swift in Sources */,
				EFE03F7E2876E4F000B831A8 /* AnimalGridItemView.swift in Sources */,
				EF1A22562875F183003AA3C8 /* InsetGalleryView.swift in Sources */,
				EF1A226028760AB9003AA3C8 /* VideoListItemView.swift in Sources */,
				EFE03F8E2877068300B831A8 /* CreditsView.swift in Sources */,
				EF1A224B287423C4003AA3C8 /* CodableBundleExtension.swift in Sources */,
				EFE03F7C2876D81300B831A8 /* MotionAnimationView.swift in Sources */,
				EFE03F932877080400B831A8 /* CenterModifier.swift in Sources */,
				EF1A22542875F03F003AA3C8 /* HeadingView.swift in Sources */,
				EF1A226228760FD3003AA3C8 /* VideoPlayerView.swift in Sources */,
			);
			runOnlyForDeploymentPostprocessing = 0;
		};
/* End PBXSourcesBuildPhase section */

/* Begin PBXTargetDependency section */
		EFE03F872877050400B831A8 /* PBXTargetDependency */ = {
			isa = PBXTargetDependency;
			platformFilter = ios;
			target = EFE03F802877050300B831A8 /* Stickers */;
			targetProxy = EFE03F862877050400B831A8 /* PBXContainerItemProxy */;
		};
/* End PBXTargetDependency section */

/* Begin XCBuildConfiguration section */
		EF1A221428735527003AA3C8 /* Debug */ = {
			isa = XCBuildConfiguration;
			buildSettings = {
				ALWAYS_SEARCH_USER_PATHS = NO;
				CLANG_ANALYZER_NONNULL = YES;
				CLANG_ANALYZER_NUMBER_OBJECT_CONVERSION = YES_AGGRESSIVE;
				CLANG_CXX_LANGUAGE_STANDARD = "gnu++17";
				CLANG_ENABLE_MODULES = YES;
				CLANG_ENABLE_OBJC_ARC = YES;
				CLANG_ENABLE_OBJC_WEAK = YES;
				CLANG_WARN_BLOCK_CAPTURE_AUTORELEASING = YES;
				CLANG_WARN_BOOL_CONVERSION = YES;
				CLANG_WARN_COMMA = YES;
				CLANG_WARN_CONSTANT_CONVERSION = YES;
				CLANG_WARN_DEPRECATED_OBJC_IMPLEMENTATIONS = YES;
				CLANG_WARN_DIRECT_OBJC_ISA_USAGE = YES_ERROR;
				CLANG_WARN_DOCUMENTATION_COMMENTS = YES;
				CLANG_WARN_EMPTY_BODY = YES;
				CLANG_WARN_ENUM_CONVERSION = YES;
				CLANG_WARN_INFINITE_RECURSION = YES;
				CLANG_WARN_INT_CONVERSION = YES;
				CLANG_WARN_NON_LITERAL_NULL_CONVERSION = YES;
				CLANG_WARN_OBJC_IMPLICIT_RETAIN_SELF = YES;
				CLANG_WARN_OBJC_LITERAL_CONVERSION = YES;
				CLANG_WARN_OBJC_ROOT_CLASS = YES_ERROR;
				CLANG_WARN_QUOTED_INCLUDE_IN_FRAMEWORK_HEADER = YES;
				CLANG_WARN_RANGE_LOOP_ANALYSIS = YES;
				CLANG_WARN_STRICT_PROTOTYPES = YES;
				CLANG_WARN_SUSPICIOUS_MOVE = YES;
				CLANG_WARN_UNGUARDED_AVAILABILITY = YES_AGGRESSIVE;
				CLANG_WARN_UNREACHABLE_CODE = YES;
				CLANG_WARN__DUPLICATE_METHOD_MATCH = YES;
				COPY_PHASE_STRIP = NO;
				DEBUG_INFORMATION_FORMAT = dwarf;
				ENABLE_STRICT_OBJC_MSGSEND = YES;
				ENABLE_TESTABILITY = YES;
				GCC_C_LANGUAGE_STANDARD = gnu11;
				GCC_DYNAMIC_NO_PIC = NO;
				GCC_NO_COMMON_BLOCKS = YES;
				GCC_OPTIMIZATION_LEVEL = 0;
				GCC_PREPROCESSOR_DEFINITIONS = (
					"DEBUG=1",
					"$(inherited)",
				);
				GCC_WARN_64_TO_32_BIT_CONVERSION = YES;
				GCC_WARN_ABOUT_RETURN_TYPE = YES_ERROR;
				GCC_WARN_UNDECLARED_SELECTOR = YES;
				GCC_WARN_UNINITIALIZED_AUTOS = YES_AGGRESSIVE;
				GCC_WARN_UNUSED_FUNCTION = YES;
				GCC_WARN_UNUSED_VARIABLE = YES;
				IPHONEOS_DEPLOYMENT_TARGET = 15.5;
				MTL_ENABLE_DEBUG_INFO = INCLUDE_SOURCE;
				MTL_FAST_MATH = YES;
				ONLY_ACTIVE_ARCH = YES;
				SDKROOT = iphoneos;
				SWIFT_ACTIVE_COMPILATION_CONDITIONS = DEBUG;
				SWIFT_OPTIMIZATION_LEVEL = "-Onone";
			};
			name = Debug;
		};
		EF1A221528735527003AA3C8 /* Release */ = {
			isa = XCBuildConfiguration;
			buildSettings = {
				ALWAYS_SEARCH_USER_PATHS = NO;
				CLANG_ANALYZER_NONNULL = YES;
				CLANG_ANALYZER_NUMBER_OBJECT_CONVERSION = YES_AGGRESSIVE;
				CLANG_CXX_LANGUAGE_STANDARD = "gnu++17";
				CLANG_ENABLE_MODULES = YES;
				CLANG_ENABLE_OBJC_ARC = YES;
				CLANG_ENABLE_OBJC_WEAK = YES;
				CLANG_WARN_BLOCK_CAPTURE_AUTORELEASING = YES;
				CLANG_WARN_BOOL_CONVERSION = YES;
				CLANG_WARN_COMMA = YES;
				CLANG_WARN_CONSTANT_CONVERSION = YES;
				CLANG_WARN_DEPRECATED_OBJC_IMPLEMENTATIONS = YES;
				CLANG_WARN_DIRECT_OBJC_ISA_USAGE = YES_ERROR;
				CLANG_WARN_DOCUMENTATION_COMMENTS = YES;
				CLANG_WARN_EMPTY_BODY = YES;
				CLANG_WARN_ENUM_CONVERSION = YES;
				CLANG_WARN_INFINITE_RECURSION = YES;
				CLANG_WARN_INT_CONVERSION = YES;
				CLANG_WARN_NON_LITERAL_NULL_CONVERSION = YES;
				CLANG_WARN_OBJC_IMPLICIT_RETAIN_SELF = YES;
				CLANG_WARN_OBJC_LITERAL_CONVERSION = YES;
				CLANG_WARN_OBJC_ROOT_CLASS = YES_ERROR;
				CLANG_WARN_QUOTED_INCLUDE_IN_FRAMEWORK_HEADER = YES;
				CLANG_WARN_RANGE_LOOP_ANALYSIS = YES;
				CLANG_WARN_STRICT_PROTOTYPES = YES;
				CLANG_WARN_SUSPICIOUS_MOVE = YES;
				CLANG_WARN_UNGUARDED_AVAILABILITY = YES_AGGRESSIVE;
				CLANG_WARN_UNREACHABLE_CODE = YES;
				CLANG_WARN__DUPLICATE_METHOD_MATCH = YES;
				COPY_PHASE_STRIP = NO;
				DEBUG_INFORMATION_FORMAT = "dwarf-with-dsym";
				ENABLE_NS_ASSERTIONS = NO;
				ENABLE_STRICT_OBJC_MSGSEND = YES;
				GCC_C_LANGUAGE_STANDARD = gnu11;
				GCC_NO_COMMON_BLOCKS = YES;
				GCC_WARN_64_TO_32_BIT_CONVERSION = YES;
				GCC_WARN_ABOUT_RETURN_TYPE = YES_ERROR;
				GCC_WARN_UNDECLARED_SELECTOR = YES;
				GCC_WARN_UNINITIALIZED_AUTOS = YES_AGGRESSIVE;
				GCC_WARN_UNUSED_FUNCTION = YES;
				GCC_WARN_UNUSED_VARIABLE = YES;
				IPHONEOS_DEPLOYMENT_TARGET = 15.5;
				MTL_ENABLE_DEBUG_INFO = NO;
				MTL_FAST_MATH = YES;
				SDKROOT = iphoneos;
				SWIFT_COMPILATION_MODE = wholemodule;
				SWIFT_OPTIMIZATION_LEVEL = "-O";
				VALIDATE_PRODUCT = YES;
			};
			name = Release;
		};
		EF1A221728735527003AA3C8 /* Debug */ = {
			isa = XCBuildConfiguration;
			buildSettings = {
				ASSETCATALOG_COMPILER_APPICON_NAME = AppIcon;
				ASSETCATALOG_COMPILER_GLOBAL_ACCENT_COLOR_NAME = AccentColor;
				CODE_SIGN_ENTITLEMENTS = AfricaApp/AfricaApp.entitlements;
				CODE_SIGN_STYLE = Automatic;
				CURRENT_PROJECT_VERSION = 1;
				DEVELOPMENT_ASSET_PATHS = "\"AfricaApp/Preview Content\"";
				DEVELOPMENT_TEAM = A38548G3Y3;
				ENABLE_PREVIEWS = YES;
				GENERATE_INFOPLIST_FILE = YES;
				INFOPLIST_FILE = AfricaApp/Info.plist;
				INFOPLIST_KEY_UIApplicationSceneManifest_Generation = YES;
				INFOPLIST_KEY_UIApplicationSupportsIndirectInputEvents = YES;
				INFOPLIST_KEY_UISupportedInterfaceOrientations_iPad = "UIInterfaceOrientationPortrait UIInterfaceOrientationPortraitUpsideDown UIInterfaceOrientationLandscapeLeft UIInterfaceOrientationLandscapeRight";
				INFOPLIST_KEY_UISupportedInterfaceOrientations_iPhone = "UIInterfaceOrientationPortrait UIInterfaceOrientationLandscapeLeft UIInterfaceOrientationLandscapeRight";
				INFOPLIST_KEY_UIUserInterfaceStyle = Dark;
				LD_RUNPATH_SEARCH_PATHS = (
					"$(inherited)",
					"@executable_path/Frameworks",
				);
				MARKETING_VERSION = 1.0;
				PRODUCT_BUNDLE_IDENTIFIER = com.idontknowwhatimdoing.AfricaApp;
				PRODUCT_NAME = "$(TARGET_NAME)";
				SUPPORTS_MACCATALYST = YES;
				SWIFT_EMIT_LOC_STRINGS = YES;
				SWIFT_VERSION = 5.0;
				TARGETED_DEVICE_FAMILY = "1,2";
			};
			name = Debug;
		};
		EF1A221828735527003AA3C8 /* Release */ = {
			isa = XCBuildConfiguration;
			buildSettings = {
				ASSETCATALOG_COMPILER_APPICON_NAME = AppIcon;
				ASSETCATALOG_COMPILER_GLOBAL_ACCENT_COLOR_NAME = AccentColor;
				CODE_SIGN_ENTITLEMENTS = AfricaApp/AfricaApp.entitlements;
				CODE_SIGN_STYLE = Automatic;
				CURRENT_PROJECT_VERSION = 1;
				DEVELOPMENT_ASSET_PATHS = "\"AfricaApp/Preview Content\"";
				DEVELOPMENT_TEAM = A38548G3Y3;
				ENABLE_PREVIEWS = YES;
				GENERATE_INFOPLIST_FILE = YES;
				INFOPLIST_FILE = AfricaApp/Info.plist;
				INFOPLIST_KEY_UIApplicationSceneManifest_Generation = YES;
				INFOPLIST_KEY_UIApplicationSupportsIndirectInputEvents = YES;
				INFOPLIST_KEY_UISupportedInterfaceOrientations_iPad = "UIInterfaceOrientationPortrait UIInterfaceOrientationPortraitUpsideDown UIInterfaceOrientationLandscapeLeft UIInterfaceOrientationLandscapeRight";
				INFOPLIST_KEY_UISupportedInterfaceOrientations_iPhone = "UIInterfaceOrientationPortrait UIInterfaceOrientationLandscapeLeft UIInterfaceOrientationLandscapeRight";
				INFOPLIST_KEY_UIUserInterfaceStyle = Dark;
				LD_RUNPATH_SEARCH_PATHS = (
					"$(inherited)",
					"@executable_path/Frameworks",
				);
				MARKETING_VERSION = 1.0;
				PRODUCT_BUNDLE_IDENTIFIER = com.idontknowwhatimdoing.AfricaApp;
				PRODUCT_NAME = "$(TARGET_NAME)";
				SUPPORTS_MACCATALYST = YES;
				SWIFT_EMIT_LOC_STRINGS = YES;
				SWIFT_VERSION = 5.0;
				TARGETED_DEVICE_FAMILY = "1,2";
			};
			name = Release;
		};
		EFE03F8A2877050400B831A8 /* Debug */ = {
			isa = XCBuildConfiguration;
			buildSettings = {
				ASSETCATALOG_COMPILER_APPICON_NAME = "iMessage App Icon";
				CODE_SIGN_STYLE = Automatic;
				CURRENT_PROJECT_VERSION = 1;
				DEVELOPMENT_TEAM = A38548G3Y3;
				GENERATE_INFOPLIST_FILE = YES;
				INFOPLIST_FILE = Stickers/Info.plist;
				INFOPLIST_KEY_CFBundleDisplayName = Africa;
				IPHONEOS_DEPLOYMENT_TARGET = 10.0;
				MARKETING_VERSION = 1.0;
				PRODUCT_BUNDLE_IDENTIFIER = com.idontknowwhatimdoing.AfricaApp.Stickers;
				PRODUCT_NAME = "$(TARGET_NAME)";
				SKIP_INSTALL = YES;
				SUPPORTS_MACCATALYST = NO;
				SWIFT_EMIT_LOC_STRINGS = YES;
				TARGETED_DEVICE_FAMILY = "1,2";
			};
			name = Debug;
		};
		EFE03F8B2877050400B831A8 /* Release */ = {
			isa = XCBuildConfiguration;
			buildSettings = {
				ASSETCATALOG_COMPILER_APPICON_NAME = "iMessage App Icon";
				CODE_SIGN_STYLE = Automatic;
				CURRENT_PROJECT_VERSION = 1;
				DEVELOPMENT_TEAM = A38548G3Y3;
				GENERATE_INFOPLIST_FILE = YES;
				INFOPLIST_FILE = Stickers/Info.plist;
				INFOPLIST_KEY_CFBundleDisplayName = Africa;
				IPHONEOS_DEPLOYMENT_TARGET = 10.0;
				MARKETING_VERSION = 1.0;
				PRODUCT_BUNDLE_IDENTIFIER = com.idontknowwhatimdoing.AfricaApp.Stickers;
				PRODUCT_NAME = "$(TARGET_NAME)";
				SKIP_INSTALL = YES;
				SUPPORTS_MACCATALYST = NO;
				SWIFT_EMIT_LOC_STRINGS = YES;
				TARGETED_DEVICE_FAMILY = "1,2";
			};
			name = Release;
		};
/* End XCBuildConfiguration section */

/* Begin XCConfigurationList section */
		EF1A220328735526003AA3C8 /* Build configuration list for PBXProject "AfricaApp" */ = {
			isa = XCConfigurationList;
			buildConfigurations = (
				EF1A221428735527003AA3C8 /* Debug */,
				EF1A221528735527003AA3C8 /* Release */,
			);
			defaultConfigurationIsVisible = 0;
			defaultConfigurationName = Release;
		};
		EF1A221628735527003AA3C8 /* Build configuration list for PBXNativeTarget "AfricaApp" */ = {
			isa = XCConfigurationList;
			buildConfigurations = (
				EF1A221728735527003AA3C8 /* Debug */,
				EF1A221828735527003AA3C8 /* Release */,
			);
			defaultConfigurationIsVisible = 0;
			defaultConfigurationName = Release;
		};
		EFE03F892877050400B831A8 /* Build configuration list for PBXNativeTarget "Stickers" */ = {
			isa = XCConfigurationList;
			buildConfigurations = (
				EFE03F8A2877050400B831A8 /* Debug */,
				EFE03F8B2877050400B831A8 /* Release */,
			);
			defaultConfigurationIsVisible = 0;
			defaultConfigurationName = Release;
		};
/* End XCConfigurationList section */
	};
	rootObject = EF1A220028735526003AA3C8 /* Project object */;
}
